
Microsoft Visual Studio Solution File, Format Version 12.00
# Visual Studio 15
VisualStudioVersion = 15.0.28307.852
MinimumVisualStudioVersion = 10.0.40219.1
Project("{FAE04EC0-301F-11D3-BF4B-00C04F79EFBC}") = "CalculatorWPF", "CalculatorWPF\CalculatorWPF.csproj", "{D409F3EF-C0CF-404C-B3F7-C7242A930838}"
EndProject
Global
	GlobalSection(SolutionConfigurationPlatforms) = preSolution
		Debug|Any CPU = Debug|Any CPU
		Release|Any CPU = Release|Any CPU
	EndGlobalSection
	GlobalSection(ProjectConfigurationPlatforms) = postSolution
		{D409F3EF-C0CF-404C-B3F7-C7242A930838}.Debug|Any CPU.ActiveCfg = Debug|Any CPU
		{D409F3EF-C0CF-404C-B3F7-C7242A930838}.Debug|Any CPU.Build.0 = Debug|Any CPU
		{D409F3EF-C0CF-404C-B3F7-C7242A930838}.Release|Any CPU.ActiveCfg = Release|Any CPU
		{D409F3EF-C0CF-404C-B3F7-C7242A930838}.Release|Any CPU.Build.0 = Release|Any CPU
	EndGlobalSection
	GlobalSection(SolutionProperties) = preSolution
		HideSolutionNode = FALSE
	EndGlobalSection
	GlobalSection(ExtensibilityGlobals) = postSolution
		SolutionGuid = {943B783D-AB0D-4BD6-8416-117D0CC61462}
	EndGlobalSection
EndGlobal
